
Microsoft Visual Studio Solution File, Format Version 12.00
# Visual Studio Version 17
VisualStudioVersion = 17.12.35707.178 d17.12
MinimumVisualStudioVersion = 10.0.40219.1
Project("{888888A0-9F3D-457C-B088-3A5042F75D52}") = "DjangoWebProjectTimer", "DjangoWebProjectTimer.pyproj", "{00217EE3-9BB3-4EBE-8972-A2D6EB5943D2}"
EndProject
Global
	GlobalSection(SolutionConfigurationPlatforms) = preSolution
		Debug|Any CPU = Debug|Any CPU
		Release|Any CPU = Release|Any CPU
	EndGlobalSection
	GlobalSection(ProjectConfigurationPlatforms) = postSolution
		{00217EE3-9BB3-4EBE-8972-A2D6EB5943D2}.Debug|Any CPU.ActiveCfg = Debug|Any CPU
		{00217EE3-9BB3-4EBE-8972-A2D6EB5943D2}.Debug|Any CPU.Build.0 = Debug|Any CPU
		{00217EE3-9BB3-4EBE-8972-A2D6EB5943D2}.Release|Any CPU.ActiveCfg = Release|Any CPU
		{00217EE3-9BB3-4EBE-8972-A2D6EB5943D2}.Release|Any CPU.Build.0 = Release|Any CPU
	EndGlobalSection
	GlobalSection(SolutionProperties) = preSolution
		HideSolutionNode = FALSE
	EndGlobalSection
EndGlobal
